
Microsoft Visual Studio Solution File, Format Version 12.00
# Visual Studio Version 16
VisualStudioVersion = 16.0.31410.357
MinimumVisualStudioVersion = 10.0.40219.1
Project("{FAE04EC0-301F-11D3-BF4B-00C04F79EFBC}") = "Notes.Identity", "Notes.Identity\Notes.Identity.csproj", "{35397AF6-D8EC-432D-AFF1-3F45F2986400}"
EndProject
Global
	GlobalSection(SolutionConfigurationPlatforms) = preSolution
		Debug|Any CPU = Debug|Any CPU
		Release|Any CPU = Release|Any CPU
	EndGlobalSection
	GlobalSection(ProjectConfigurationPlatforms) = postSolution
		{35397AF6-D8EC-432D-AFF1-3F45F2986400}.Debug|Any CPU.ActiveCfg = Debug|Any CPU
		{35397AF6-D8EC-432D-AFF1-3F45F2986400}.Debug|Any CPU.Build.0 = Debug|Any CPU
		{35397AF6-D8EC-432D-AFF1-3F45F2986400}.Release|Any CPU.ActiveCfg = Release|Any CPU
		{35397AF6-D8EC-432D-AFF1-3F45F2986400}.Release|Any CPU.Build.0 = Release|Any CPU
	EndGlobalSection
	GlobalSection(SolutionProperties) = preSolution
		HideSolutionNode = FALSE
	EndGlobalSection
	GlobalSection(ExtensibilityGlobals) = postSolution
		SolutionGuid = {12F627F6-9D2F-4DA1-8B96-D5EEC78C19D1}
	EndGlobalSection
EndGlobal
